
Microsoft Visual Studio Solution File, Format Version 12.00
# Visual Studio Version 16
VisualStudioVersion = 16.0.34114.132
MinimumVisualStudioVersion = 10.0.40219.1
Project("{FAE04EC0-301F-11D3-BF4B-00C04F79EFBC}") = "Desemp2", "Desemp2\Desemp2.csproj", "{9DF1DFD3-66BF-4639-AC5A-FE9D8F9FB9CC}"
EndProject
Global
	GlobalSection(SolutionConfigurationPlatforms) = preSolution
		Debug|Any CPU = Debug|Any CPU
		Release|Any CPU = Release|Any CPU
	EndGlobalSection
	GlobalSection(ProjectConfigurationPlatforms) = postSolution
		{9DF1DFD3-66BF-4639-AC5A-FE9D8F9FB9CC}.Debug|Any CPU.ActiveCfg = Debug|Any CPU
		{9DF1DFD3-66BF-4639-AC5A-FE9D8F9FB9CC}.Debug|Any CPU.Build.0 = Debug|Any CPU
		{9DF1DFD3-66BF-4639-AC5A-FE9D8F9FB9CC}.Release|Any CPU.ActiveCfg = Release|Any CPU
		{9DF1DFD3-66BF-4639-AC5A-FE9D8F9FB9CC}.Release|Any CPU.Build.0 = Release|Any CPU
	EndGlobalSection
	GlobalSection(SolutionProperties) = preSolution
		HideSolutionNode = FALSE
	EndGlobalSection
	GlobalSection(ExtensibilityGlobals) = postSolution
		SolutionGuid = {596A212B-0593-40F7-83F6-09663706E2A3}
	EndGlobalSection
EndGlobal
